{
  "name": "JavaScript",
  "lockfileVersion": 3,
  "requires": true,
  "packages": {
    "": {
      "dependencies": {
        "faker": "^6.6.6",
        "json": "^11.0.0",
        "lodash": "^4.17.21"
      }
    },
    "node_modules/faker": {
      "version": "6.6.6",
      "resolved": "https://registry.npmjs.org/faker/-/faker-6.6.6.tgz",
      "integrity": "sha512-9tCqYEDHI5RYFQigXFwF1hnCwcWCOJl/hmll0lr5D2Ljjb0o4wphb69wikeJDz5qCEzXCoPvG6ss5SDP6IfOdg=="
    },
    "node_modules/json": {
      "version": "11.0.0",
      "resolved": "https://registry.npmjs.org/json/-/json-11.0.0.tgz",
      "integrity": "sha512-N/ITv3Yw9Za8cGxuQqSqrq6RHnlaHWZkAFavcfpH/R52522c26EbihMxnY7A1chxfXJ4d+cEFIsyTgfi9GihrA==",
      "bin": {
        "json": "lib/json.js"
      },
      "engines": {
        "node": ">=0.10.0"
      }
    },
    "node_modules/lodash": {
      "version": "4.17.21",
      "resolved": "https://registry.npmjs.org/lodash/-/lodash-4.17.21.tgz",
      "integrity": "sha512-v2kDEe57lecTulaDIuNTPy3Ry4gLGJ6Z1O3vE1krgXZNrsQ+LFTGHVxVjcXPs17LhbZVGedAJv8XZ1tvj5FvSg=="
    }
  }
}
